
Microsoft Visual Studio Solution File, Format Version 12.00
# Visual Studio Version 17
VisualStudioVersion = 17.7.34202.233
MinimumVisualStudioVersion = 10.0.40219.1
Project("{FAE04EC0-301F-11D3-BF4B-00C04F79EFBC}") = "Practica 8 U-3", "Practica 8 U-3.csproj", "{9DF7012F-2869-435F-834E-2E518C2D875F}"
EndProject
Global
	GlobalSection(SolutionConfigurationPlatforms) = preSolution
		Debug|Any CPU = Debug|Any CPU
		Release|Any CPU = Release|Any CPU
	EndGlobalSection
	GlobalSection(ProjectConfigurationPlatforms) = postSolution
		{9DF7012F-2869-435F-834E-2E518C2D875F}.Debug|Any CPU.ActiveCfg = Debug|Any CPU
		{9DF7012F-2869-435F-834E-2E518C2D875F}.Debug|Any CPU.Build.0 = Debug|Any CPU
		{9DF7012F-2869-435F-834E-2E518C2D875F}.Release|Any CPU.ActiveCfg = Release|Any CPU
		{9DF7012F-2869-435F-834E-2E518C2D875F}.Release|Any CPU.Build.0 = Release|Any CPU
	EndGlobalSection
	GlobalSection(SolutionProperties) = preSolution
		HideSolutionNode = FALSE
	EndGlobalSection
	GlobalSection(ExtensibilityGlobals) = postSolution
		SolutionGuid = {638D1BE9-4EFD-400B-BC33-CDDD13765CE8}
	EndGlobalSection
EndGlobal
